
Microsoft Visual Studio Solution File, Format Version 12.00
# Visual Studio 2017
Project("{FAE04EC0-301F-11D3-BF4B-00C04F79EFBC}") = "FPS_Proto.Plugins", "FPS_Proto.Plugins.csproj", "{9098FE05-2C42-CCA0-AAED-BBF177F4200F}"
EndProject
Project("{FAE04EC0-301F-11D3-BF4B-00C04F79EFBC}") = "FPS_Proto", "FPS_Proto.csproj", "{CA54D272-596B-3FD4-575F-45651B5EC504}"
EndProject
Project("{FAE04EC0-301F-11D3-BF4B-00C04F79EFBC}") = "FPS_Proto.Editor", "FPS_Proto.Editor.csproj", "{ADA8C8C2-8146-B5C2-1A75-C934279ADFE9}"
EndProject
Global
	GlobalSection(SolutionConfigurationPlatforms) = preSolution
		Debug|Any CPU = Debug|Any CPU
		Release|Any CPU = Release|Any CPU
	EndGlobalSection
	GlobalSection(ProjectConfigurationPlatforms) = postSolution
		{9098FE05-2C42-CCA0-AAED-BBF177F4200F}.Debug|Any CPU.ActiveCfg = Debug|Any CPU
		{9098FE05-2C42-CCA0-AAED-BBF177F4200F}.Debug|Any CPU.Build.0 = Debug|Any CPU
		{9098FE05-2C42-CCA0-AAED-BBF177F4200F}.Release|Any CPU.ActiveCfg = Release|Any CPU
		{9098FE05-2C42-CCA0-AAED-BBF177F4200F}.Release|Any CPU.Build.0 = Release|Any CPU
		{CA54D272-596B-3FD4-575F-45651B5EC504}.Debug|Any CPU.ActiveCfg = Debug|Any CPU
		{CA54D272-596B-3FD4-575F-45651B5EC504}.Debug|Any CPU.Build.0 = Debug|Any CPU
		{CA54D272-596B-3FD4-575F-45651B5EC504}.Release|Any CPU.ActiveCfg = Release|Any CPU
		{CA54D272-596B-3FD4-575F-45651B5EC504}.Release|Any CPU.Build.0 = Release|Any CPU
		{ADA8C8C2-8146-B5C2-1A75-C934279ADFE9}.Debug|Any CPU.ActiveCfg = Debug|Any CPU
		{ADA8C8C2-8146-B5C2-1A75-C934279ADFE9}.Debug|Any CPU.Build.0 = Debug|Any CPU
		{ADA8C8C2-8146-B5C2-1A75-C934279ADFE9}.Release|Any CPU.ActiveCfg = Release|Any CPU
		{ADA8C8C2-8146-B5C2-1A75-C934279ADFE9}.Release|Any CPU.Build.0 = Release|Any CPU
	EndGlobalSection
	GlobalSection(SolutionProperties) = preSolution
		HideSolutionNode = FALSE
	EndGlobalSection
EndGlobal
